// !$*UTF8*$!
{
	archiveVersion = 1;
	classes = {
	};
	objectVersion = 77;
	objects = {

/* Begin PBXBuildFile section */
		FA221BAE2E2F2F420034FAAE /* AppRouter.swift in Sources */ = {isa = PBXBuildFile; fileRef = FA221BAD2E2F2F420034FAAE /* AppRouter.swift */; };
		FA221BB02E2F2F540034FAAE /* AuditViewModel.swift in Sources */ = {isa = PBXBuildFile; fileRef = FA221BAF2E2F2F540034FAAE /* AuditViewModel.swift */; };
		FA221BB72E2F3AC10034FAAE /* AuditShellView.swift in Sources */ = {isa = PBXBuildFile; fileRef = FA221BB52E2F3AC10034FAAE /* AuditShellView.swift */; };
		FA221BB82E2F3AC10034FAAE /* HomeSidebar.swift in Sources */ = {isa = PBXBuildFile; fileRef = FA221BB62E2F3AC10034FAAE /* HomeSidebar.swift */; };
		FA31D5C82E2C95C5001D8574 /* LagAuditAppApp.swift in Sources */ = {isa = PBXBuildFile; fileRef = FA31D5C72E2C95C5001D8574 /* LagAuditAppApp.swift */; };
		FA31D5CA2E2C95C5001D8574 /* PersistenceController.swift in Sources */ = {isa = PBXBuildFile; fileRef = FA31D5C92E2C95C5001D8574 /* PersistenceController.swift */; };
		FA31D5CD2E2C95C5001D8574 /* LagAuditApp.xcdatamodeld in Sources */ = {isa = PBXBuildFile; fileRef = FA31D5CB2E2C95C5001D8574 /* LagAuditApp.xcdatamodeld */; };
		FA31D5CF2E2C95C5001D8574 /* ContentView.swift in Sources */ = {isa = PBXBuildFile; fileRef = FA31D5CE2E2C95C5001D8574 /* ContentView.swift */; };
		FA31D5D12E2C95C6001D8574 /* Assets.xcassets in Resources */ = {isa = PBXBuildFile; fileRef = FA31D5D02E2C95C6001D8574 /* Assets.xcassets */; };
		FA3C94CF2E2EBAF000CA386E /* AuditSectionView.swift in Sources */ = {isa = PBXBuildFile; fileRef = FA3C94CB2E2EBAF000CA386E /* AuditSectionView.swift */; };
		FA3C94D02E2EBAF000CA386E /* AuditWorkspaceView.swift in Sources */ = {isa = PBXBuildFile; fileRef = FA3C94CC2E2EBAF000CA386E /* AuditWorkspaceView.swift */; };
		FA3C94D12E2EBAF000CA386E /* SectionMapView.swift in Sources */ = {isa = PBXBuildFile; fileRef = FA3C94CE2E2EBAF000CA386E /* SectionMapView.swift */; };
		FA3C94D22E2EBAF000CA386E /* HomeView.swift in Sources */ = {isa = PBXBuildFile; fileRef = FA3C94CD2E2EBAF000CA386E /* HomeView.swift */; };
		FA3C94DA2E2EC1A700CA386E /* RecommendationsView.swift in Sources */ = {isa = PBXBuildFile; fileRef = FA3C94D92E2EC1A700CA386E /* RecommendationsView.swift */; };
		FA3C94DB2E2EC1A700CA386E /* FarmInfoView.swift in Sources */ = {isa = PBXBuildFile; fileRef = FA3C94D52E2EC1A700CA386E /* FarmInfoView.swift */; };
		FA3C94DC2E2EC1A700CA386E /* MilkingTimeView.swift in Sources */ = {isa = PBXBuildFile; fileRef = FA3C94D62E2EC1A700CA386E /* MilkingTimeView.swift */; };
		FA3C94DD2E2EC1A700CA386E /* PulsatorsView.swift in Sources */ = {isa = PBXBuildFile; fileRef = FA3C94D82E2EC1A700CA386E /* PulsatorsView.swift */; };
		FA3C94DE2E2EC1A700CA386E /* OverviewView.swift in Sources */ = {isa = PBXBuildFile; fileRef = FA3C94D72E2EC1A700CA386E /* OverviewView.swift */; };
		FA3C94DF2E2EC1A700CA386E /* DetachersView.swift in Sources */ = {isa = PBXBuildFile; fileRef = FA3C94D32E2EC1A700CA386E /* DetachersView.swift */; };
		FA3C94E02E2EC1A700CA386E /* DiagnosticsView.swift in Sources */ = {isa = PBXBuildFile; fileRef = FA3C94D42E2EC1A700CA386E /* DiagnosticsView.swift */; };
		FA3C94E32E2EC2FB00CA386E /* HistoryView.swift in Sources */ = {isa = PBXBuildFile; fileRef = FA3C94E22E2EC2FB00CA386E /* HistoryView.swift */; };
		FA3C94E42E2EC2FB00CA386E /* DraftsView.swift in Sources */ = {isa = PBXBuildFile; fileRef = FA3C94E12E2EC2FB00CA386E /* DraftsView.swift */; };
		FA3C94E62E2ED2B900CA386E /* DiagnosticsViewModel.swift in Sources */ = {isa = PBXBuildFile; fileRef = FA3C94E52E2ED2B900CA386E /* DiagnosticsViewModel.swift */; };
		FA5C627D2E2CA6B500E524BE /* StartAuditView.swift in Sources */ = {isa = PBXBuildFile; fileRef = FA5C627C2E2CA6B500E524BE /* StartAuditView.swift */; };
		FA5C62802E2CA86400E524BE /* AuditHistoryView.swift in Sources */ = {isa = PBXBuildFile; fileRef = FA5C627F2E2CA86400E524BE /* AuditHistoryView.swift */; };
		FA5C62822E2CA88200E524BE /* SettingsView.swift in Sources */ = {isa = PBXBuildFile; fileRef = FA5C62812E2CA88200E524BE /* SettingsView.swift */; };
		FA5C62842E2CA90000E524BE /* AuditDataManager.swift in Sources */ = {isa = PBXBuildFile; fileRef = FA5C62832E2CA90000E524BE /* AuditDataManager.swift */; };
		FA5C62862E2CA91000E524BE /* AuditGuidelines.swift in Sources */ = {isa = PBXBuildFile; fileRef = FA5C62852E2CA91000E524BE /* AuditGuidelines.swift */; };
		FA5C62882E2CA92000E524BE /* Components.swift in Sources */ = {isa = PBXBuildFile; fileRef = FA5C62872E2CA92000E524BE /* Components.swift */; };
		FA5C628A2E2CA93000E524BE /* Extensions.swift in Sources */ = {isa = PBXBuildFile; fileRef = FA5C62892E2CA93000E524BE /* Extensions.swift */; };
		FA5C628C2E2CA94000E524BE /* FarmSelectionView.swift in Sources */ = {isa = PBXBuildFile; fileRef = FA5C628B2E2CA94000E524BE /* FarmSelectionView.swift */; };
		FA5C628E2E2CA95000E524BE /* AuditSummaryView.swift in Sources */ = {isa = PBXBuildFile; fileRef = FA5C628D2E2CA95000E524BE /* AuditSummaryView.swift */; };
		FA5C628F2E2CA96000E524BE /* AuditTypes.swift in Sources */ = {isa = PBXBuildFile; fileRef = FA5C628E2E2CA96000E524BE /* AuditTypes.swift */; };
/* End PBXBuildFile section */

/* Begin PBXFileReference section */
		FA221BAD2E2F2F420034FAAE /* AppRouter.swift */ = {isa = PBXFileReference; lastKnownFileType = sourcecode.swift; path = AppRouter.swift; sourceTree = "<group>"; };
		FA221BAF2E2F2F540034FAAE /* AuditViewModel.swift */ = {isa = PBXFileReference; lastKnownFileType = sourcecode.swift; path = AuditViewModel.swift; sourceTree = "<group>"; };
		FA221BB52E2F3AC10034FAAE /* AuditShellView.swift */ = {isa = PBXFileReference; lastKnownFileType = sourcecode.swift; path = AuditShellView.swift; sourceTree = "<group>"; };
		FA221BB62E2F3AC10034FAAE /* HomeSidebar.swift */ = {isa = PBXFileReference; lastKnownFileType = sourcecode.swift; path = HomeSidebar.swift; sourceTree = "<group>"; };
		FA31D5C42E2C95C5001D8574 /* LagAuditApp.app */ = {isa = PBXFileReference; explicitFileType = wrapper.application; includeInIndex = 0; path = LagAuditApp.app; sourceTree = BUILT_PRODUCTS_DIR; };
		FA31D5C72E2C95C5001D8574 /* LagAuditAppApp.swift */ = {isa = PBXFileReference; lastKnownFileType = sourcecode.swift; path = LagAuditAppApp.swift; sourceTree = "<group>"; };
		FA31D5C92E2C95C5001D8574 /* PersistenceController.swift */ = {isa = PBXFileReference; lastKnownFileType = sourcecode.swift; path = PersistenceController.swift; sourceTree = "<group>"; };
		FA31D5CC2E2C95C5001D8574 /* LagAuditApp.xcdatamodel */ = {isa = PBXFileReference; lastKnownFileType = wrapper.xcdatamodel; path = LagAuditApp.xcdatamodel; sourceTree = "<group>"; };
		FA31D5CE2E2C95C5001D8574 /* ContentView.swift */ = {isa = PBXFileReference; lastKnownFileType = sourcecode.swift; path = ContentView.swift; sourceTree = "<group>"; };
		FA31D5D02E2C95C6001D8574 /* Assets.xcassets */ = {isa = PBXFileReference; lastKnownFileType = folder.assetcatalog; path = Assets.xcassets; sourceTree = "<group>"; };
		FA31D5D22E2C95C6001D8574 /* LagAuditApp.entitlements */ = {isa = PBXFileReference; lastKnownFileType = text.plist.entitlements; path = LagAuditApp.entitlements; sourceTree = "<group>"; };
		FA3C94CB2E2EBAF000CA386E /* AuditSectionView.swift */ = {isa = PBXFileReference; lastKnownFileType = sourcecode.swift; path = AuditSectionView.swift; sourceTree = "<group>"; };
		FA3C94CC2E2EBAF000CA386E /* AuditWorkspaceView.swift */ = {isa = PBXFileReference; lastKnownFileType = sourcecode.swift; path = AuditWorkspaceView.swift; sourceTree = "<group>"; };
		FA3C94CD2E2EBAF000CA386E /* HomeView.swift */ = {isa = PBXFileReference; lastKnownFileType = sourcecode.swift; path = HomeView.swift; sourceTree = "<group>"; };
		FA3C94CE2E2EBAF000CA386E /* SectionMapView.swift */ = {isa = PBXFileReference; lastKnownFileType = sourcecode.swift; path = SectionMapView.swift; sourceTree = "<group>"; };
		FA3C94D32E2EC1A700CA386E /* DetachersView.swift */ = {isa = PBXFileReference; lastKnownFileType = sourcecode.swift; path = DetachersView.swift; sourceTree = "<group>"; };
		FA3C94D42E2EC1A700CA386E /* DiagnosticsView.swift */ = {isa = PBXFileReference; lastKnownFileType = sourcecode.swift; path = DiagnosticsView.swift; sourceTree = "<group>"; };
		FA3C94D52E2EC1A700CA386E /* FarmInfoView.swift */ = {isa = PBXFileReference; lastKnownFileType = sourcecode.swift; path = FarmInfoView.swift; sourceTree = "<group>"; };
		FA3C94D62E2EC1A700CA386E /* MilkingTimeView.swift */ = {isa = PBXFileReference; lastKnownFileType = sourcecode.swift; path = MilkingTimeView.swift; sourceTree = "<group>"; };
		FA3C94D72E2EC1A700CA386E /* OverviewView.swift */ = {isa = PBXFileReference; lastKnownFileType = sourcecode.swift; path = OverviewView.swift; sourceTree = "<group>"; };
		FA3C94D82E2EC1A700CA386E /* PulsatorsView.swift */ = {isa = PBXFileReference; lastKnownFileType = sourcecode.swift; path = PulsatorsView.swift; sourceTree = "<group>"; };
		FA3C94D92E2EC1A700CA386E /* RecommendationsView.swift */ = {isa = PBXFileReference; lastKnownFileType = sourcecode.swift; path = RecommendationsView.swift; sourceTree = "<group>"; };
		FA3C94E12E2EC2FB00CA386E /* DraftsView.swift */ = {isa = PBXFileReference; lastKnownFileType = sourcecode.swift; path = DraftsView.swift; sourceTree = "<group>"; };
		FA3C94E22E2EC2FB00CA386E /* HistoryView.swift */ = {isa = PBXFileReference; lastKnownFileType = sourcecode.swift; path = HistoryView.swift; sourceTree = "<group>"; };
		FA3C94E52E2ED2B900CA386E /* DiagnosticsViewModel.swift */ = {isa = PBXFileReference; lastKnownFileType = sourcecode.swift; path = DiagnosticsViewModel.swift; sourceTree = "<group>"; };
		FA5C627C2E2CA6B500E524BE /* StartAuditView.swift */ = {isa = PBXFileReference; lastKnownFileType = sourcecode.swift; path = StartAuditView.swift; sourceTree = "<group>"; };
		FA5C627F2E2CA86400E524BE /* AuditHistoryView.swift */ = {isa = PBXFileReference; lastKnownFileType = sourcecode.swift; path = AuditHistoryView.swift; sourceTree = "<group>"; };
		FA5C62812E2CA88200E524BE /* SettingsView.swift */ = {isa = PBXFileReference; lastKnownFileType = sourcecode.swift; path = SettingsView.swift; sourceTree = "<group>"; };
		FA5C62832E2CA90000E524BE /* AuditDataManager.swift */ = {isa = PBXFileReference; lastKnownFileType = sourcecode.swift; path = AuditDataManager.swift; sourceTree = "<group>"; };
		FA5C62852E2CA91000E524BE /* AuditGuidelines.swift */ = {isa = PBXFileReference; lastKnownFileType = sourcecode.swift; path = AuditGuidelines.swift; sourceTree = "<group>"; };
		FA5C62872E2CA92000E524BE /* Components.swift */ = {isa = PBXFileReference; lastKnownFileType = sourcecode.swift; path = Components.swift; sourceTree = "<group>"; };
		FA5C62892E2CA93000E524BE /* Extensions.swift */ = {isa = PBXFileReference; lastKnownFileType = sourcecode.swift; path = Extensions.swift; sourceTree = "<group>"; };
		FA5C628B2E2CA94000E524BE /* FarmSelectionView.swift */ = {isa = PBXFileReference; lastKnownFileType = sourcecode.swift; path = FarmSelectionView.swift; sourceTree = "<group>"; };
		FA5C628D2E2CA95000E524BE /* AuditSummaryView.swift */ = {isa = PBXFileReference; lastKnownFileType = sourcecode.swift; path = AuditSummaryView.swift; sourceTree = "<group>"; };
		FA5C628E2E2CA96000E524BE /* AuditTypes.swift */ = {isa = PBXFileReference; lastKnownFileType = sourcecode.swift; path = AuditTypes.swift; sourceTree = "<group>"; };
/* End PBXFileReference section */

/* Begin PBXFileSystemSynchronizedRootGroup section */
		FA31D5C62E2C95C5001D8574 /* LagAuditApp */ = {
			isa = PBXFileSystemSynchronizedRootGroup;
			path = LagAuditApp;
			sourceTree = "<group>";
		};
/* End PBXFileSystemSynchronizedRootGroup section */

/* Begin PBXFrameworksBuildPhase section */
		FA31D5C12E2C95C5001D8574 /* Frameworks */ = {
			isa = PBXFrameworksBuildPhase;
			buildActionMask = 2147483647;
			files = (
			);
			runOnlyForDeploymentPostprocessing = 0;
		};
/* End PBXFrameworksBuildPhase section */

/* Begin PBXGroup section */
		FA31D5BB2E2C95C5001D8574 = {
			isa = PBXGroup;
			children = (
				FA31D5DE2E2C9AFB001D8574 /* Utilities */,
				FA31D5DD2E2C9AF4001D8574 /* Supporting */,
				FA31D5DC2E2C9AE8001D8574 /* Resources */,
				FA31D5DB2E2C9ADF001D8574 /* Views */,
				FA31D5DA2E2C9AD3001D8574 /* ViewModels */,
				FA31D5D82E2C9AA6001D8574 /* Models */,
				FA31D5C62E2C95C5001D8574 /* LagAuditApp */,
				FA31D5C52E2C95C5001D8574 /* Products */,
			);
			sourceTree = "<group>";
		};
		FA31D5C52E2C95C5001D8574 /* Products */ = {
			isa = PBXGroup;
			children = (
				FA31D5C42E2C95C5001D8574 /* LagAuditApp.app */,
			);
			name = Products;
			sourceTree = "<group>";
		};
		FA31D5D82E2C9AA6001D8574 /* Models */ = {
			isa = PBXGroup;
			children = (
				FA31D5CB2E2C95C5001D8574 /* LagAuditApp.xcdatamodeld */,
				FA31D5D22E2C95C6001D8574 /* LagAuditApp.entitlements */,
			);
			path = Models;
			sourceTree = "<group>";
		};
		FA31D5DA2E2C9AD3001D8574 /* ViewModels */ = {
			isa = PBXGroup;
			children = (
				FA221BAF2E2F2F540034FAAE /* AuditViewModel.swift */,
				FA3C94E52E2ED2B900CA386E /* DiagnosticsViewModel.swift */,
				FA5C62832E2CA90000E524BE /* AuditDataManager.swift */,
			);
			path = ViewModels;
			sourceTree = "<group>";
		};
		FA31D5DB2E2C9ADF001D8574 /* Views */ = {
			isa = PBXGroup;
			children = (
				FA221BB52E2F3AC10034FAAE /* AuditShellView.swift */,
				FA221BB62E2F3AC10034FAAE /* HomeSidebar.swift */,
				FA3C94E12E2EC2FB00CA386E /* DraftsView.swift */,
				FA3C94E22E2EC2FB00CA386E /* HistoryView.swift */,
				FA3C94D32E2EC1A700CA386E /* DetachersView.swift */,
				FA3C94D42E2EC1A700CA386E /* DiagnosticsView.swift */,
				FA3C94D52E2EC1A700CA386E /* FarmInfoView.swift */,
				FA3C94D62E2EC1A700CA386E /* MilkingTimeView.swift */,
				FA3C94D72E2EC1A700CA386E /* OverviewView.swift */,
				FA3C94D82E2EC1A700CA386E /* PulsatorsView.swift */,
				FA3C94D92E2EC1A700CA386E /* RecommendationsView.swift */,
				FA3C94CB2E2EBAF000CA386E /* AuditSectionView.swift */,
				FA3C94CC2E2EBAF000CA386E /* AuditWorkspaceView.swift */,
				FA3C94CD2E2EBAF000CA386E /* HomeView.swift */,
				FA3C94CE2E2EBAF000CA386E /* SectionMapView.swift */,
				FA31D5CE2E2C95C5001D8574 /* ContentView.swift */,
				FA5C627C2E2CA6B500E524BE /* StartAuditView.swift */,
				FA5C628B2E2CA94000E524BE /* FarmSelectionView.swift */,
				FA5C628D2E2CA95000E524BE /* AuditSummaryView.swift */,
				FA5C627F2E2CA86400E524BE /* AuditHistoryView.swift */,
				FA5C62812E2CA88200E524BE /* SettingsView.swift */,
				FA5C62872E2CA92000E524BE /* Components.swift */,
			);
			path = Views;
			sourceTree = "<group>";
		};
		FA31D5DC2E2C9AE8001D8574 /* Resources */ = {
			isa = PBXGroup;
			children = (
				FA31D5D02E2C95C6001D8574 /* Assets.xcassets */,
			);
			path = Resources;
			sourceTree = "<group>";
		};
		FA31D5DD2E2C9AF4001D8574 /* Supporting */ = {
			isa = PBXGroup;
			children = (
				FA31D5C72E2C95C5001D8574 /* LagAuditAppApp.swift */,
				FA31D5C92E2C95C5001D8574 /* PersistenceController.swift */,
			);
			path = Supporting;
			sourceTree = "<group>";
		};
		FA31D5DE2E2C9AFB001D8574 /* Utilities */ = {
			isa = PBXGroup;
			children = (
				FA221BAD2E2F2F420034FAAE /* AppRouter.swift */,
				FA5C62852E2CA91000E524BE /* AuditGuidelines.swift */,
				FA5C62892E2CA93000E524BE /* Extensions.swift */,
				FA5C628E2E2CA96000E524BE /* AuditTypes.swift */,
			);
			path = Utilities;
			sourceTree = "<group>";
		};
/* End PBXGroup section */

/* Begin PBXNativeTarget section */
		FA31D5C32E2C95C5001D8574 /* LagAuditApp */ = {
			isa = PBXNativeTarget;
			buildConfigurationList = FA31D5D52E2C95C6001D8574 /* Build configuration list for PBXNativeTarget "LagAuditApp" */;
			buildPhases = (
				FA31D5C02E2C95C5001D8574 /* Sources */,
				FA31D5C12E2C95C5001D8574 /* Frameworks */,
				FA31D5C22E2C95C5001D8574 /* Resources */,
			);
			buildRules = (
			);
			dependencies = (
			);
			fileSystemSynchronizedGroups = (
				FA31D5C62E2C95C5001D8574 /* LagAuditApp */,
			);
			name = LagAuditApp;
			packageProductDependencies = (
			);
			productName = LagAuditApp;
			productReference = FA31D5C42E2C95C5001D8574 /* LagAuditApp.app */;
			productType = "com.apple.product-type.application";
		};
/* End PBXNativeTarget section */

/* Begin PBXProject section */
		FA31D5BC2E2C95C5001D8574 /* Project object */ = {
			isa = PBXProject;
			attributes = {
				BuildIndependentTargetsInParallel = 1;
				LastSwiftUpdateCheck = 1640;
				LastUpgradeCheck = 1640;
				TargetAttributes = {
					FA31D5C32E2C95C5001D8574 = {
						CreatedOnToolsVersion = 16.4;
					};
				};
			};
			buildConfigurationList = FA31D5BF2E2C95C5001D8574 /* Build configuration list for PBXProject "LagAuditApp" */;
			developmentRegion = en;
			hasScannedForEncodings = 0;
			knownRegions = (
				en,
				Base,
			);
			mainGroup = FA31D5BB2E2C95C5001D8574;
			minimizedProjectReferenceProxies = 1;
			preferredProjectObjectVersion = 77;
			productRefGroup = FA31D5C52E2C95C5001D8574 /* Products */;
			projectDirPath = "";
			projectRoot = "";
			targets = (
				FA31D5C32E2C95C5001D8574 /* LagAuditApp */,
			);
		};
/* End PBXProject section */

/* Begin PBXResourcesBuildPhase section */
		FA31D5C22E2C95C5001D8574 /* Resources */ = {
			isa = PBXResourcesBuildPhase;
			buildActionMask = 2147483647;
			files = (
				FA31D5D12E2C95C6001D8574 /* Assets.xcassets in Resources */,
			);
			runOnlyForDeploymentPostprocessing = 0;
		};
/* End PBXResourcesBuildPhase section */

/* Begin PBXSourcesBuildPhase section */
		FA31D5C02E2C95C5001D8574 /* Sources */ = {
			isa = PBXSourcesBuildPhase;
			buildActionMask = 2147483647;
			files = (
				FA5C62822E2CA88200E524BE /* SettingsView.swift in Sources */,
				FA31D5CD2E2C95C5001D8574 /* LagAuditApp.xcdatamodeld in Sources */,
				FA31D5C82E2C95C5001D8574 /* LagAuditAppApp.swift in Sources */,
				FA31D5CF2E2C95C5001D8574 /* ContentView.swift in Sources */,
				FA5C62802E2CA86400E524BE /* AuditHistoryView.swift in Sources */,
				FA31D5CA2E2C95C5001D8574 /* PersistenceController.swift in Sources */,
				FA5C627D2E2CA6B500E524BE /* StartAuditView.swift in Sources */,
				FA5C62842E2CA90000E524BE /* AuditDataManager.swift in Sources */,
				FA3C94CF2E2EBAF000CA386E /* AuditSectionView.swift in Sources */,
				FA3C94D02E2EBAF000CA386E /* AuditWorkspaceView.swift in Sources */,
				FA3C94D12E2EBAF000CA386E /* SectionMapView.swift in Sources */,
				FA3C94D22E2EBAF000CA386E /* HomeView.swift in Sources */,
				FA5C62862E2CA91000E524BE /* AuditGuidelines.swift in Sources */,
				FA5C62882E2CA92000E524BE /* Components.swift in Sources */,
				FA5C628A2E2CA93000E524BE /* Extensions.swift in Sources */,
				FA221BB72E2F3AC10034FAAE /* AuditShellView.swift in Sources */,
				FA221BB82E2F3AC10034FAAE /* HomeSidebar.swift in Sources */,
				FA5C628F2E2CA96000E524BE /* AuditTypes.swift in Sources */,
				FA221BB02E2F2F540034FAAE /* AuditViewModel.swift in Sources */,
				FA3C94DA2E2EC1A700CA386E /* RecommendationsView.swift in Sources */,
				FA3C94E62E2ED2B900CA386E /* DiagnosticsViewModel.swift in Sources */,
				FA3C94DB2E2EC1A700CA386E /* FarmInfoView.swift in Sources */,
				FA3C94DC2E2EC1A700CA386E /* MilkingTimeView.swift in Sources */,
				FA3C94DD2E2EC1A700CA386E /* PulsatorsView.swift in Sources */,
				FA3C94DE2E2EC1A700CA386E /* OverviewView.swift in Sources */,
				FA3C94DF2E2EC1A700CA386E /* DetachersView.swift in Sources */,
				FA3C94E02E2EC1A700CA386E /* DiagnosticsView.swift in Sources */,
				FA5C628C2E2CA94000E524BE /* FarmSelectionView.swift in Sources */,
				FA5C628E2E2CA95000E524BE /* AuditSummaryView.swift in Sources */,
				FA3C94E32E2EC2FB00CA386E /* HistoryView.swift in Sources */,
				FA221BAE2E2F2F420034FAAE /* AppRouter.swift in Sources */,
				FA3C94E42E2EC2FB00CA386E /* DraftsView.swift in Sources */,
			);
			runOnlyForDeploymentPostprocessing = 0;
		};
/* End PBXSourcesBuildPhase section */

/* Begin XCBuildConfiguration section */
		FA31D5D32E2C95C6001D8574 /* Debug */ = {
			isa = XCBuildConfiguration;
			buildSettings = {
				ALWAYS_SEARCH_USER_PATHS = NO;
				ASSETCATALOG_COMPILER_GENERATE_SWIFT_ASSET_SYMBOL_EXTENSIONS = YES;
				CLANG_ANALYZER_NONNULL = YES;
				CLANG_ANALYZER_NUMBER_OBJECT_CONVERSION = YES_AGGRESSIVE;
				CLANG_CXX_LANGUAGE_STANDARD = "gnu++20";
				CLANG_ENABLE_MODULES = YES;
				CLANG_ENABLE_OBJC_ARC = YES;
				CLANG_ENABLE_OBJC_WEAK = YES;
				CLANG_WARN_BLOCK_CAPTURE_AUTORELEASING = YES;
				CLANG_WARN_BOOL_CONVERSION = YES;
				CLANG_WARN_COMMA = YES;
				CLANG_WARN_CONSTANT_CONVERSION = YES;
				CLANG_WARN_DEPRECATED_OBJC_IMPLEMENTATIONS = YES;
				CLANG_WARN_DIRECT_OBJC_ISA_USAGE = YES_ERROR;
				CLANG_WARN_DOCUMENTATION_COMMENTS = YES;
				CLANG_WARN_EMPTY_BODY = YES;
				CLANG_WARN_ENUM_CONVERSION = YES;
				CLANG_WARN_INFINITE_RECURSION = YES;
				CLANG_WARN_INT_CONVERSION = YES;
				CLANG_WARN_NON_LITERAL_NULL_CONVERSION = YES;
				CLANG_WARN_OBJC_IMPLICIT_RETAIN_SELF = YES;
				CLANG_WARN_OBJC_LITERAL_CONVERSION = YES;
				CLANG_WARN_OBJC_ROOT_CLASS = YES_ERROR;
				CLANG_WARN_QUOTED_INCLUDE_IN_FRAMEWORK_HEADER = YES;
				CLANG_WARN_RANGE_LOOP_ANALYSIS = YES;
				CLANG_WARN_STRICT_PROTOTYPES = YES;
				CLANG_WARN_SUSPICIOUS_MOVE = YES;
				CLANG_WARN_UNGUARDED_AVAILABILITY = YES_AGGRESSIVE;
				CLANG_WARN_UNREACHABLE_CODE = YES;
				CLANG_WARN__DUPLICATE_METHOD_MATCH = YES;
				COPY_PHASE_STRIP = NO;
				DEBUG_INFORMATION_FORMAT = dwarf;
				DEVELOPMENT_TEAM = 4N9UZHR829;
				ENABLE_STRICT_OBJC_MSGSEND = YES;
				ENABLE_TESTABILITY = YES;
				ENABLE_USER_SCRIPT_SANDBOXING = YES;
				GCC_C_LANGUAGE_STANDARD = gnu17;
				GCC_DYNAMIC_NO_PIC = NO;
				GCC_NO_COMMON_BLOCKS = YES;
				GCC_OPTIMIZATION_LEVEL = 0;
				GCC_PREPROCESSOR_DEFINITIONS = (
					"DEBUG=1",
					"$(inherited)",
				);
				GCC_WARN_64_TO_32_BIT_CONVERSION = YES;
				GCC_WARN_ABOUT_RETURN_TYPE = YES_ERROR;
				GCC_WARN_UNDECLARED_SELECTOR = YES;
				GCC_WARN_UNINITIALIZED_AUTOS = YES_AGGRESSIVE;
				GCC_WARN_UNUSED_FUNCTION = YES;
				GCC_WARN_UNUSED_VARIABLE = YES;
				LOCALIZATION_PREFERS_STRING_CATALOGS = YES;
				MTL_ENABLE_DEBUG_INFO = INCLUDE_SOURCE;
				MTL_FAST_MATH = YES;
				ONLY_ACTIVE_ARCH = YES;
				SWIFT_ACTIVE_COMPILATION_CONDITIONS = "DEBUG $(inherited)";
				SWIFT_OPTIMIZATION_LEVEL = "-Onone";
			};
			name = Debug;
		};
		FA31D5D42E2C95C6001D8574 /* Release */ = {
			isa = XCBuildConfiguration;
			buildSettings = {
				ALWAYS_SEARCH_USER_PATHS = NO;
				ASSETCATALOG_COMPILER_GENERATE_SWIFT_ASSET_SYMBOL_EXTENSIONS = YES;
				CLANG_ANALYZER_NONNULL = YES;
				CLANG_ANALYZER_NUMBER_OBJECT_CONVERSION = YES_AGGRESSIVE;
				CLANG_CXX_LANGUAGE_STANDARD = "gnu++20";
				CLANG_ENABLE_MODULES = YES;
				CLANG_ENABLE_OBJC_ARC = YES;
				CLANG_ENABLE_OBJC_WEAK = YES;
				CLANG_WARN_BLOCK_CAPTURE_AUTORELEASING = YES;
				CLANG_WARN_BOOL_CONVERSION = YES;
				CLANG_WARN_COMMA = YES;
				CLANG_WARN_CONSTANT_CONVERSION = YES;
				CLANG_WARN_DEPRECATED_OBJC_IMPLEMENTATIONS = YES;
				CLANG_WARN_DIRECT_OBJC_ISA_USAGE = YES_ERROR;
				CLANG_WARN_DOCUMENTATION_COMMENTS = YES;
				CLANG_WARN_EMPTY_BODY = YES;
				CLANG_WARN_ENUM_CONVERSION = YES;
				CLANG_WARN_INFINITE_RECURSION = YES;
				CLANG_WARN_INT_CONVERSION = YES;
				CLANG_WARN_NON_LITERAL_NULL_CONVERSION = YES;
				CLANG_WARN_OBJC_IMPLICIT_RETAIN_SELF = YES;
				CLANG_WARN_OBJC_LITERAL_CONVERSION = YES;
				CLANG_WARN_OBJC_ROOT_CLASS = YES_ERROR;
				CLANG_WARN_QUOTED_INCLUDE_IN_FRAMEWORK_HEADER = YES;
				CLANG_WARN_RANGE_LOOP_ANALYSIS = YES;
				CLANG_WARN_STRICT_PROTOTYPES = YES;
				CLANG_WARN_SUSPICIOUS_MOVE = YES;
				CLANG_WARN_UNGUARDED_AVAILABILITY = YES_AGGRESSIVE;
				CLANG_WARN_UNREACHABLE_CODE = YES;
				CLANG_WARN__DUPLICATE_METHOD_MATCH = YES;
				COPY_PHASE_STRIP = NO;
				DEBUG_INFORMATION_FORMAT = "dwarf-with-dsym";
				DEVELOPMENT_TEAM = 4N9UZHR829;
				ENABLE_NS_ASSERTIONS = NO;
				ENABLE_STRICT_OBJC_MSGSEND = YES;
				ENABLE_USER_SCRIPT_SANDBOXING = YES;
				GCC_C_LANGUAGE_STANDARD = gnu17;
				GCC_NO_COMMON_BLOCKS = YES;
				GCC_WARN_64_TO_32_BIT_CONVERSION = YES;
				GCC_WARN_ABOUT_RETURN_TYPE = YES_ERROR;
				GCC_WARN_UNDECLARED_SELECTOR = YES;
				GCC_WARN_UNINITIALIZED_AUTOS = YES_AGGRESSIVE;
				GCC_WARN_UNUSED_FUNCTION = YES;
				GCC_WARN_UNUSED_VARIABLE = YES;
				LOCALIZATION_PREFERS_STRING_CATALOGS = YES;
				MTL_ENABLE_DEBUG_INFO = NO;
				MTL_FAST_MATH = YES;
				SWIFT_COMPILATION_MODE = wholemodule;
			};
			name = Release;
		};
		FA31D5D62E2C95C6001D8574 /* Debug */ = {
			isa = XCBuildConfiguration;
			buildSettings = {
				ASSETCATALOG_COMPILER_APPICON_NAME = AppIcon;
				ASSETCATALOG_COMPILER_GLOBAL_ACCENT_COLOR_NAME = AccentColor;
				CODE_SIGN_ENTITLEMENTS = LagAuditApp/LagAuditApp.entitlements;
				CODE_SIGN_STYLE = Automatic;
				CURRENT_PROJECT_VERSION = 1;
				DEVELOPMENT_TEAM = 4N9UZHR829;
				ENABLE_HARDENED_RUNTIME = YES;
				ENABLE_PREVIEWS = YES;
				GENERATE_INFOPLIST_FILE = YES;
				INFOPLIST_KEY_LSApplicationCategoryType = "";
				"INFOPLIST_KEY_UIApplicationSceneManifest_Generation[sdk=iphoneos*]" = YES;
				"INFOPLIST_KEY_UIApplicationSceneManifest_Generation[sdk=iphonesimulator*]" = YES;
				"INFOPLIST_KEY_UIApplicationSupportsIndirectInputEvents[sdk=iphoneos*]" = YES;
				"INFOPLIST_KEY_UIApplicationSupportsIndirectInputEvents[sdk=iphonesimulator*]" = YES;
				"INFOPLIST_KEY_UILaunchScreen_Generation[sdk=iphoneos*]" = YES;
				"INFOPLIST_KEY_UILaunchScreen_Generation[sdk=iphonesimulator*]" = YES;
				"INFOPLIST_KEY_UIStatusBarStyle[sdk=iphoneos*]" = UIStatusBarStyleDefault;
				"INFOPLIST_KEY_UIStatusBarStyle[sdk=iphonesimulator*]" = UIStatusBarStyleDefault;
				INFOPLIST_KEY_UISupportedInterfaceOrientations_iPad = "UIInterfaceOrientationPortrait UIInterfaceOrientationPortraitUpsideDown UIInterfaceOrientationLandscapeLeft UIInterfaceOrientationLandscapeRight";
				INFOPLIST_KEY_UISupportedInterfaceOrientations_iPhone = "UIInterfaceOrientationPortrait UIInterfaceOrientationLandscapeLeft UIInterfaceOrientationLandscapeRight";
				IPHONEOS_DEPLOYMENT_TARGET = 18.5;
				LD_RUNPATH_SEARCH_PATHS = "@executable_path/Frameworks";
				"LD_RUNPATH_SEARCH_PATHS[sdk=macosx*]" = "@executable_path/../Frameworks";
				MACOSX_DEPLOYMENT_TARGET = 15.5;
				MARKETING_VERSION = 1.0;
				PRODUCT_BUNDLE_IDENTIFIER = ryanpastircak.LagAuditApp;
				PRODUCT_NAME = "$(TARGET_NAME)";
				REGISTER_APP_GROUPS = YES;
				SDKROOT = auto;
				SUPPORTED_PLATFORMS = "iphoneos iphonesimulator macosx xros xrsimulator";
				SWIFT_EMIT_LOC_STRINGS = YES;
				SWIFT_VERSION = 5.0;
				TARGETED_DEVICE_FAMILY = "1,2,7";
				XROS_DEPLOYMENT_TARGET = 2.5;
			};
			name = Debug;
		};
		FA31D5D72E2C95C6001D8574 /* Release */ = {
			isa = XCBuildConfiguration;
			buildSettings = {
				ASSETCATALOG_COMPILER_APPICON_NAME = AppIcon;
				ASSETCATALOG_COMPILER_GLOBAL_ACCENT_COLOR_NAME = AccentColor;
				CODE_SIGN_ENTITLEMENTS = LagAuditApp/LagAuditApp.entitlements;
				CODE_SIGN_STYLE = Automatic;
				CURRENT_PROJECT_VERSION = 1;
				DEVELOPMENT_TEAM = 4N9UZHR829;
				ENABLE_HARDENED_RUNTIME = YES;
				ENABLE_PREVIEWS = YES;
				GENERATE_INFOPLIST_FILE = YES;
				INFOPLIST_KEY_LSApplicationCategoryType = "";
				"INFOPLIST_KEY_UIApplicationSceneManifest_Generation[sdk=iphoneos*]" = YES;
				"INFOPLIST_KEY_UIApplicationSceneManifest_Generation[sdk=iphonesimulator*]" = YES;
				"INFOPLIST_KEY_UIApplicationSupportsIndirectInputEvents[sdk=iphoneos*]" = YES;
				"INFOPLIST_KEY_UIApplicationSupportsIndirectInputEvents[sdk=iphonesimulator*]" = YES;
				"INFOPLIST_KEY_UILaunchScreen_Generation[sdk=iphoneos*]" = YES;
				"INFOPLIST_KEY_UILaunchScreen_Generation[sdk=iphonesimulator*]" = YES;
				"INFOPLIST_KEY_UIStatusBarStyle[sdk=iphoneos*]" = UIStatusBarStyleDefault;
				"INFOPLIST_KEY_UIStatusBarStyle[sdk=iphonesimulator*]" = UIStatusBarStyleDefault;
				INFOPLIST_KEY_UISupportedInterfaceOrientations_iPad = "UIInterfaceOrientationPortrait UIInterfaceOrientationPortraitUpsideDown UIInterfaceOrientationLandscapeLeft UIInterfaceOrientationLandscapeRight";
				INFOPLIST_KEY_UISupportedInterfaceOrientations_iPhone = "UIInterfaceOrientationPortrait UIInterfaceOrientationLandscapeLeft UIInterfaceOrientationLandscapeRight";
				IPHONEOS_DEPLOYMENT_TARGET = 18.5;
				LD_RUNPATH_SEARCH_PATHS = "@executable_path/Frameworks";
				"LD_RUNPATH_SEARCH_PATHS[sdk=macosx*]" = "@executable_path/../Frameworks";
				MACOSX_DEPLOYMENT_TARGET = 15.5;
				MARKETING_VERSION = 1.0;
				PRODUCT_BUNDLE_IDENTIFIER = ryanpastircak.LagAuditApp;
				PRODUCT_NAME = "$(TARGET_NAME)";
				REGISTER_APP_GROUPS = YES;
				SDKROOT = auto;
				SUPPORTED_PLATFORMS = "iphoneos iphonesimulator macosx xros xrsimulator";
				SWIFT_EMIT_LOC_STRINGS = YES;
				SWIFT_VERSION = 5.0;
				TARGETED_DEVICE_FAMILY = "1,2,7";
				XROS_DEPLOYMENT_TARGET = 2.5;
			};
			name = Release;
		};
/* End XCBuildConfiguration section */

/* Begin XCConfigurationList section */
		FA31D5BF2E2C95C5001D8574 /* Build configuration list for PBXProject "LagAuditApp" */ = {
			isa = XCConfigurationList;
			buildConfigurations = (
				FA31D5D32E2C95C6001D8574 /* Debug */,
				FA31D5D42E2C95C6001D8574 /* Release */,
			);
			defaultConfigurationIsVisible = 0;
			defaultConfigurationName = Release;
		};
		FA31D5D52E2C95C6001D8574 /* Build configuration list for PBXNativeTarget "LagAuditApp" */ = {
			isa = XCConfigurationList;
			buildConfigurations = (
				FA31D5D62E2C95C6001D8574 /* Debug */,
				FA31D5D72E2C95C6001D8574 /* Release */,
			);
			defaultConfigurationIsVisible = 0;
			defaultConfigurationName = Release;
		};
/* End XCConfigurationList section */

/* Begin XCVersionGroup section */
		FA31D5CB2E2C95C5001D8574 /* LagAuditApp.xcdatamodeld */ = {
			isa = XCVersionGroup;
			children = (
				FA31D5CC2E2C95C5001D8574 /* LagAuditApp.xcdatamodel */,
			);
			currentVersion = FA31D5CC2E2C95C5001D8574 /* LagAuditApp.xcdatamodel */;
			path = LagAuditApp.xcdatamodeld;
			sourceTree = "<group>";
			versionGroupType = wrapper.xcdatamodel;
		};
/* End XCVersionGroup section */
	};
	rootObject = FA31D5BC2E2C95C5001D8574 /* Project object */;
}
